{
  "name": "@swin-cli/init",
  "version": "1.0.1",
  "lockfileVersion": 2,
  "requires": true,
  "packages": {
    "": {
      "name": "@swin-cli/init",
      "version": "1.0.1",
      "license": "ISC",
      "dependencies": {
        "@swin-cli/command": "file:../../models/command",
        "@swin-cli/log": "file:../../utils/log"
      }
    },
    "../../models/command": {
      "name": "@swin-cli/command",
      "version": "1.0.1",
      "license": "ISC",
      "dependencies": {
        "@swin-cli/log": "file:../../utils/log",
        "@swin-cli/utils": "file:../../utils/utils",
        "colors": "^1.4.0",
        "semver": "^7.3.8"
      }
    },
    "../../utils/log": {
      "version": "1.0.1",
      "license": "ISC",
      "dependencies": {
        "npmlog": "^7.0.1"
      }
    },
    "node_modules/@swin-cli/command": {
      "resolved": "../../models/command",
      "link": true
    },
    "node_modules/@swin-cli/log": {
      "resolved": "../../utils/log",
      "link": true
    }
  },
  "dependencies": {
    "@swin-cli/command": {
      "version": "file:../../models/command",
      "requires": {
        "@swin-cli/log": "file:../../utils/log",
        "@swin-cli/utils": "file:../../utils/utils",
        "colors": "^1.4.0",
        "semver": "^7.3.8"
      }
    },
    "@swin-cli/log": {
      "version": "file:../../utils/log",
      "requires": {
        "npmlog": "^7.0.1"
      }
    }
  }
}
