{
  "name": "@swin-cli/exec",
  "version": "1.0.1",
  "lockfileVersion": 2,
  "requires": true,
  "packages": {
    "": {
      "name": "@swin-cli/exec",
      "version": "1.0.1",
      "license": "ISC",
      "dependencies": {
        "@swin-cli/package": "file:../../models/package"
      }
    },
    "../../models/package": {
      "name": "@swin-cli/package",
      "version": "1.0.1",
      "license": "ISC"
    },
    "node_modules/@swin-cli/package": {
      "resolved": "../../models/package",
      "link": true
    }
  },
  "dependencies": {
    "@swin-cli/package": {
      "version": "file:../../models/package"
    }
  }
}
